// !$*UTF8*$!
{
	archiveVersion = 1;
	classes = {
	};
	objectVersion = 46;
	objects = {

/* Begin PBXBuildFile section */
		552F92561AE6A4B600A99ABD /* MAVPhotoViewController.m in Sources */ = {isa = PBXBuildFile; fileRef = 552F92541AE6A4B600A99ABD /* MAVPhotoViewController.m */; };
		552F92571AE6A4B600A99ABD /* MAVPhotoViewController.xib in Resources */ = {isa = PBXBuildFile; fileRef = 552F92551AE6A4B600A99ABD /* MAVPhotoViewController.xib */; };
		55B8A4281B7926DD007478E2 /* _MAVAnnotationPhoto.m in Sources */ = {isa = PBXBuildFile; fileRef = 55B8A4251B7926DD007478E2 /* _MAVAnnotationPhoto.m */; };
		55B8A4291B7926DD007478E2 /* _MAVBookCoverPhoto.m in Sources */ = {isa = PBXBuildFile; fileRef = 55B8A4271B7926DD007478E2 /* _MAVBookCoverPhoto.m */; };
		55B8A42E1B7926F5007478E2 /* MAVAnnotationPhoto.m in Sources */ = {isa = PBXBuildFile; fileRef = 55B8A42B1B7926F5007478E2 /* MAVAnnotationPhoto.m */; };
		55B8A42F1B7926F5007478E2 /* MAVBookCoverPhoto.m in Sources */ = {isa = PBXBuildFile; fileRef = 55B8A42D1B7926F5007478E2 /* MAVBookCoverPhoto.m */; };
		55B8A4321B793104007478E2 /* MAVBaseManagedObject.m in Sources */ = {isa = PBXBuildFile; fileRef = 55B8A4311B793104007478E2 /* MAVBaseManagedObject.m */; };
		55B8A4351B7A6527007478E2 /* NSString+TokenizeCategory.m in Sources */ = {isa = PBXBuildFile; fileRef = 55B8A4341B7A6527007478E2 /* NSString+TokenizeCategory.m */; };
		55B8A43A1B7A7624007478E2 /* _MAVBookTag.m in Sources */ = {isa = PBXBuildFile; fileRef = 55B8A4371B7A7624007478E2 /* _MAVBookTag.m */; };
		55B8A43B1B7A7624007478E2 /* MAVBookTag.m in Sources */ = {isa = PBXBuildFile; fileRef = 55B8A4391B7A7624007478E2 /* MAVBookTag.m */; };
		55B8AE121ADE6A8900798260 /* main.m in Sources */ = {isa = PBXBuildFile; fileRef = 55B8AE111ADE6A8900798260 /* main.m */; };
		55B8AE151ADE6A8900798260 /* AppDelegate.m in Sources */ = {isa = PBXBuildFile; fileRef = 55B8AE141ADE6A8900798260 /* AppDelegate.m */; };
		55B8AE171ADE6A8900798260 /* Images.xcassets in Resources */ = {isa = PBXBuildFile; fileRef = 55B8AE161ADE6A8900798260 /* Images.xcassets */; };
		55B8AE1A1ADE6A8900798260 /* LaunchScreen.xib in Resources */ = {isa = PBXBuildFile; fileRef = 55B8AE181ADE6A8900798260 /* LaunchScreen.xib */; };
		55B8AE261ADE6A8900798260 /* HackerBooks2Tests.m in Sources */ = {isa = PBXBuildFile; fileRef = 55B8AE251ADE6A8900798260 /* HackerBooks2Tests.m */; };
		55B8AE311ADEC23700798260 /* Model.xcdatamodeld in Sources */ = {isa = PBXBuildFile; fileRef = 55B8AE2F1ADEC23700798260 /* Model.xcdatamodeld */; };
		55B8AE351ADED6A700798260 /* AGTCoreDataStack.m in Sources */ = {isa = PBXBuildFile; fileRef = 55B8AE341ADED6A700798260 /* AGTCoreDataStack.m */; };
		55B8AE521ADEDDEE00798260 /* _MAVAnnotation.m in Sources */ = {isa = PBXBuildFile; fileRef = 55B8AE371ADEDDEE00798260 /* _MAVAnnotation.m */; };
		55B8AE531ADEDDEE00798260 /* _MAVAuthor.m in Sources */ = {isa = PBXBuildFile; fileRef = 55B8AE391ADEDDEE00798260 /* _MAVAuthor.m */; };
		55B8AE541ADEDDEE00798260 /* _MAVBook.m in Sources */ = {isa = PBXBuildFile; fileRef = 55B8AE3B1ADEDDEE00798260 /* _MAVBook.m */; };
		55B8AE551ADEDDEE00798260 /* _MAVLocation.m in Sources */ = {isa = PBXBuildFile; fileRef = 55B8AE3D1ADEDDEE00798260 /* _MAVLocation.m */; };
		55B8AE561ADEDDEE00798260 /* _MAVPdf.m in Sources */ = {isa = PBXBuildFile; fileRef = 55B8AE3F1ADEDDEE00798260 /* _MAVPdf.m */; };
		55B8AE581ADEDDEE00798260 /* _MAVTag.m in Sources */ = {isa = PBXBuildFile; fileRef = 55B8AE431ADEDDEE00798260 /* _MAVTag.m */; };
		55B8AE591ADEDDEE00798260 /* MAVAnnotation.m in Sources */ = {isa = PBXBuildFile; fileRef = 55B8AE451ADEDDEE00798260 /* MAVAnnotation.m */; };
		55B8AE5A1ADEDDEE00798260 /* MAVAuthor.m in Sources */ = {isa = PBXBuildFile; fileRef = 55B8AE471ADEDDEE00798260 /* MAVAuthor.m */; };
		55B8AE5B1ADEDDEE00798260 /* MAVBook.m in Sources */ = {isa = PBXBuildFile; fileRef = 55B8AE491ADEDDEE00798260 /* MAVBook.m */; };
		55B8AE5C1ADEDDEE00798260 /* MAVLocation.m in Sources */ = {isa = PBXBuildFile; fileRef = 55B8AE4B1ADEDDEE00798260 /* MAVLocation.m */; };
		55B8AE5D1ADEDDEE00798260 /* MAVPdf.m in Sources */ = {isa = PBXBuildFile; fileRef = 55B8AE4D1ADEDDEE00798260 /* MAVPdf.m */; };
		55B8AE5F1ADEDDEE00798260 /* MAVTag.m in Sources */ = {isa = PBXBuildFile; fileRef = 55B8AE511ADEDDEE00798260 /* MAVTag.m */; };
		55B8AE621ADEE61600798260 /* books_readable.json in Resources */ = {isa = PBXBuildFile; fileRef = 55B8AE611ADEE61600798260 /* books_readable.json */; };
		55B8AE6A1ADFCD1A00798260 /* AGTCoreDataTableViewController.m in Sources */ = {isa = PBXBuildFile; fileRef = 55B8AE691ADFCD1A00798260 /* AGTCoreDataTableViewController.m */; };
		55B8AE6D1ADFCE0500798260 /* MAVLibraryTableViewController.m in Sources */ = {isa = PBXBuildFile; fileRef = 55B8AE6C1ADFCE0500798260 /* MAVLibraryTableViewController.m */; };
		55B8AE701AE0259900798260 /* book_front.png in Resources */ = {isa = PBXBuildFile; fileRef = 55B8AE6F1AE0259900798260 /* book_front.png */; };
		55B8AE741AE1105C00798260 /* UIViewController+Navigation.m in Sources */ = {isa = PBXBuildFile; fileRef = 55B8AE731AE1105C00798260 /* UIViewController+Navigation.m */; };
		55B8AE7F1AE115D000798260 /* MAVSimplePDFViewController.m in Sources */ = {isa = PBXBuildFile; fileRef = 55B8AE7D1AE115D000798260 /* MAVSimplePDFViewController.m */; };
		55B8AE801AE115D000798260 /* MAVSimplePDFViewController.xib in Resources */ = {isa = PBXBuildFile; fileRef = 55B8AE7E1AE115D000798260 /* MAVSimplePDFViewController.xib */; };
		55B8AE851AE1170000798260 /* MAVBookViewController.m in Sources */ = {isa = PBXBuildFile; fileRef = 55B8AE821AE1170000798260 /* MAVBookViewController.m */; };
		55B8AE861AE1170000798260 /* MAVBookViewController.xib in Resources */ = {isa = PBXBuildFile; fileRef = 55B8AE831AE1170000798260 /* MAVBookViewController.xib */; };
		55B8AE871AE1170000798260 /* MAVBookViewControlleriPhone.xib in Resources */ = {isa = PBXBuildFile; fileRef = 55B8AE841AE1170000798260 /* MAVBookViewControlleriPhone.xib */; };
		55F467761AE5556500B98B77 /* MAVAnnotationsViewController.m in Sources */ = {isa = PBXBuildFile; fileRef = 55F467751AE5556500B98B77 /* MAVAnnotationsViewController.m */; };
		55F4677A1AE55DCF00B98B77 /* MAVAnnotationViewController.m in Sources */ = {isa = PBXBuildFile; fileRef = 55F467781AE55DCF00B98B77 /* MAVAnnotationViewController.m */; };
		55F4677B1AE55DCF00B98B77 /* MAVAnnotationViewController.xib in Resources */ = {isa = PBXBuildFile; fileRef = 55F467791AE55DCF00B98B77 /* MAVAnnotationViewController.xib */; };
		55F4677D1AE5625C00B98B77 /* placemark.png in Resources */ = {isa = PBXBuildFile; fileRef = 55F4677C1AE5625C00B98B77 /* placemark.png */; };
		55F4677F1AE562CC00B98B77 /* location-alt-512.png in Resources */ = {isa = PBXBuildFile; fileRef = 55F4677E1AE562CC00B98B77 /* location-alt-512.png */; };
/* End PBXBuildFile section */

/* Begin PBXContainerItemProxy section */
		55B8AE201ADE6A8900798260 /* PBXContainerItemProxy */ = {
			isa = PBXContainerItemProxy;
			containerPortal = 55B8AE041ADE6A8900798260 /* Project object */;
			proxyType = 1;
			remoteGlobalIDString = 55B8AE0B1ADE6A8900798260;
			remoteInfo = HackerBooks2;
		};
/* End PBXContainerItemProxy section */

/* Begin PBXFileReference section */
		552F92531AE6A4B600A99ABD /* MAVPhotoViewController.h */ = {isa = PBXFileReference; fileEncoding = 4; lastKnownFileType = sourcecode.c.h; path = MAVPhotoViewController.h; sourceTree = "<group>"; };
		552F92541AE6A4B600A99ABD /* MAVPhotoViewController.m */ = {isa = PBXFileReference; fileEncoding = 4; lastKnownFileType = sourcecode.c.objc; path = MAVPhotoViewController.m; sourceTree = "<group>"; };
		552F92551AE6A4B600A99ABD /* MAVPhotoViewController.xib */ = {isa = PBXFileReference; fileEncoding = 4; lastKnownFileType = file.xib; path = MAVPhotoViewController.xib; sourceTree = "<group>"; };
		55B8A4241B7926DD007478E2 /* _MAVAnnotationPhoto.h */ = {isa = PBXFileReference; fileEncoding = 4; lastKnownFileType = sourcecode.c.h; path = _MAVAnnotationPhoto.h; sourceTree = "<group>"; };
		55B8A4251B7926DD007478E2 /* _MAVAnnotationPhoto.m */ = {isa = PBXFileReference; fileEncoding = 4; lastKnownFileType = sourcecode.c.objc; path = _MAVAnnotationPhoto.m; sourceTree = "<group>"; };
		55B8A4261B7926DD007478E2 /* _MAVBookCoverPhoto.h */ = {isa = PBXFileReference; fileEncoding = 4; lastKnownFileType = sourcecode.c.h; path = _MAVBookCoverPhoto.h; sourceTree = "<group>"; };
		55B8A4271B7926DD007478E2 /* _MAVBookCoverPhoto.m */ = {isa = PBXFileReference; fileEncoding = 4; lastKnownFileType = sourcecode.c.objc; path = _MAVBookCoverPhoto.m; sourceTree = "<group>"; };
		55B8A42A1B7926F5007478E2 /* MAVAnnotationPhoto.h */ = {isa = PBXFileReference; fileEncoding = 4; lastKnownFileType = sourcecode.c.h; path = MAVAnnotationPhoto.h; sourceTree = "<group>"; };
		55B8A42B1B7926F5007478E2 /* MAVAnnotationPhoto.m */ = {isa = PBXFileReference; fileEncoding = 4; lastKnownFileType = sourcecode.c.objc; path = MAVAnnotationPhoto.m; sourceTree = "<group>"; };
		55B8A42C1B7926F5007478E2 /* MAVBookCoverPhoto.h */ = {isa = PBXFileReference; fileEncoding = 4; lastKnownFileType = sourcecode.c.h; path = MAVBookCoverPhoto.h; sourceTree = "<group>"; };
		55B8A42D1B7926F5007478E2 /* MAVBookCoverPhoto.m */ = {isa = PBXFileReference; fileEncoding = 4; lastKnownFileType = sourcecode.c.objc; path = MAVBookCoverPhoto.m; sourceTree = "<group>"; };
		55B8A4301B793104007478E2 /* MAVBaseManagedObject.h */ = {isa = PBXFileReference; fileEncoding = 4; lastKnownFileType = sourcecode.c.h; path = MAVBaseManagedObject.h; sourceTree = "<group>"; };
		55B8A4311B793104007478E2 /* MAVBaseManagedObject.m */ = {isa = PBXFileReference; fileEncoding = 4; lastKnownFileType = sourcecode.c.objc; path = MAVBaseManagedObject.m; sourceTree = "<group>"; };
		55B8A4331B7A6527007478E2 /* NSString+TokenizeCategory.h */ = {isa = PBXFileReference; fileEncoding = 4; lastKnownFileType = sourcecode.c.h; path = "NSString+TokenizeCategory.h"; sourceTree = "<group>"; };
		55B8A4341B7A6527007478E2 /* NSString+TokenizeCategory.m */ = {isa = PBXFileReference; fileEncoding = 4; lastKnownFileType = sourcecode.c.objc; path = "NSString+TokenizeCategory.m"; sourceTree = "<group>"; };
		55B8A4361B7A7624007478E2 /* _MAVBookTag.h */ = {isa = PBXFileReference; fileEncoding = 4; lastKnownFileType = sourcecode.c.h; path = _MAVBookTag.h; sourceTree = "<group>"; };
		55B8A4371B7A7624007478E2 /* _MAVBookTag.m */ = {isa = PBXFileReference; fileEncoding = 4; lastKnownFileType = sourcecode.c.objc; path = _MAVBookTag.m; sourceTree = "<group>"; };
		55B8A4381B7A7624007478E2 /* MAVBookTag.h */ = {isa = PBXFileReference; fileEncoding = 4; lastKnownFileType = sourcecode.c.h; path = MAVBookTag.h; sourceTree = "<group>"; };
		55B8A4391B7A7624007478E2 /* MAVBookTag.m */ = {isa = PBXFileReference; fileEncoding = 4; lastKnownFileType = sourcecode.c.objc; path = MAVBookTag.m; sourceTree = "<group>"; };
		55B8AE0C1ADE6A8900798260 /* HackerBooks2.app */ = {isa = PBXFileReference; explicitFileType = wrapper.application; includeInIndex = 0; path = HackerBooks2.app; sourceTree = BUILT_PRODUCTS_DIR; };
		55B8AE101ADE6A8900798260 /* Info.plist */ = {isa = PBXFileReference; lastKnownFileType = text.plist.xml; path = Info.plist; sourceTree = "<group>"; };
		55B8AE111ADE6A8900798260 /* main.m */ = {isa = PBXFileReference; lastKnownFileType = sourcecode.c.objc; path = main.m; sourceTree = "<group>"; };
		55B8AE131ADE6A8900798260 /* AppDelegate.h */ = {isa = PBXFileReference; lastKnownFileType = sourcecode.c.h; path = AppDelegate.h; sourceTree = "<group>"; };
		55B8AE141ADE6A8900798260 /* AppDelegate.m */ = {isa = PBXFileReference; lastKnownFileType = sourcecode.c.objc; path = AppDelegate.m; sourceTree = "<group>"; };
		55B8AE161ADE6A8900798260 /* Images.xcassets */ = {isa = PBXFileReference; lastKnownFileType = folder.assetcatalog; path = Images.xcassets; sourceTree = "<group>"; };
		55B8AE191ADE6A8900798260 /* Base */ = {isa = PBXFileReference; lastKnownFileType = file.xib; name = Base; path = Base.lproj/LaunchScreen.xib; sourceTree = "<group>"; };
		55B8AE1F1ADE6A8900798260 /* HackerBooks2Tests.xctest */ = {isa = PBXFileReference; explicitFileType = wrapper.cfbundle; includeInIndex = 0; path = HackerBooks2Tests.xctest; sourceTree = BUILT_PRODUCTS_DIR; };
		55B8AE241ADE6A8900798260 /* Info.plist */ = {isa = PBXFileReference; lastKnownFileType = text.plist.xml; path = Info.plist; sourceTree = "<group>"; };
		55B8AE251ADE6A8900798260 /* HackerBooks2Tests.m */ = {isa = PBXFileReference; lastKnownFileType = sourcecode.c.objc; path = HackerBooks2Tests.m; sourceTree = "<group>"; };
		55B8AE301ADEC23700798260 /* Model.xcdatamodel */ = {isa = PBXFileReference; lastKnownFileType = wrapper.xcdatamodel; path = Model.xcdatamodel; sourceTree = "<group>"; };
		55B8AE331ADED6A700798260 /* AGTCoreDataStack.h */ = {isa = PBXFileReference; fileEncoding = 4; lastKnownFileType = sourcecode.c.h; path = AGTCoreDataStack.h; sourceTree = "<group>"; };
		55B8AE341ADED6A700798260 /* AGTCoreDataStack.m */ = {isa = PBXFileReference; fileEncoding = 4; lastKnownFileType = sourcecode.c.objc; path = AGTCoreDataStack.m; sourceTree = "<group>"; };
		55B8AE361ADEDDEE00798260 /* _MAVAnnotation.h */ = {isa = PBXFileReference; fileEncoding = 4; lastKnownFileType = sourcecode.c.h; path = _MAVAnnotation.h; sourceTree = "<group>"; };
		55B8AE371ADEDDEE00798260 /* _MAVAnnotation.m */ = {isa = PBXFileReference; fileEncoding = 4; lastKnownFileType = sourcecode.c.objc; path = _MAVAnnotation.m; sourceTree = "<group>"; };
		55B8AE381ADEDDEE00798260 /* _MAVAuthor.h */ = {isa = PBXFileReference; fileEncoding = 4; lastKnownFileType = sourcecode.c.h; path = _MAVAuthor.h; sourceTree = "<group>"; };
		55B8AE391ADEDDEE00798260 /* _MAVAuthor.m */ = {isa = PBXFileReference; fileEncoding = 4; lastKnownFileType = sourcecode.c.objc; path = _MAVAuthor.m; sourceTree = "<group>"; };
		55B8AE3A1ADEDDEE00798260 /* _MAVBook.h */ = {isa = PBXFileReference; fileEncoding = 4; lastKnownFileType = sourcecode.c.h; path = _MAVBook.h; sourceTree = "<group>"; };
		55B8AE3B1ADEDDEE00798260 /* _MAVBook.m */ = {isa = PBXFileReference; fileEncoding = 4; lastKnownFileType = sourcecode.c.objc; path = _MAVBook.m; sourceTree = "<group>"; };
		55B8AE3C1ADEDDEE00798260 /* _MAVLocation.h */ = {isa = PBXFileReference; fileEncoding = 4; lastKnownFileType = sourcecode.c.h; path = _MAVLocation.h; sourceTree = "<group>"; };
		55B8AE3D1ADEDDEE00798260 /* _MAVLocation.m */ = {isa = PBXFileReference; fileEncoding = 4; lastKnownFileType = sourcecode.c.objc; path = _MAVLocation.m; sourceTree = "<group>"; };
		55B8AE3E1ADEDDEE00798260 /* _MAVPdf.h */ = {isa = PBXFileReference; fileEncoding = 4; lastKnownFileType = sourcecode.c.h; path = _MAVPdf.h; sourceTree = "<group>"; };
		55B8AE3F1ADEDDEE00798260 /* _MAVPdf.m */ = {isa = PBXFileReference; fileEncoding = 4; lastKnownFileType = sourcecode.c.objc; path = _MAVPdf.m; sourceTree = "<group>"; };
		55B8AE421ADEDDEE00798260 /* _MAVTag.h */ = {isa = PBXFileReference; fileEncoding = 4; lastKnownFileType = sourcecode.c.h; path = _MAVTag.h; sourceTree = "<group>"; };
		55B8AE431ADEDDEE00798260 /* _MAVTag.m */ = {isa = PBXFileReference; fileEncoding = 4; lastKnownFileType = sourcecode.c.objc; path = _MAVTag.m; sourceTree = "<group>"; };
		55B8AE441ADEDDEE00798260 /* MAVAnnotation.h */ = {isa = PBXFileReference; fileEncoding = 4; lastKnownFileType = sourcecode.c.h; path = MAVAnnotation.h; sourceTree = "<group>"; };
		55B8AE451ADEDDEE00798260 /* MAVAnnotation.m */ = {isa = PBXFileReference; fileEncoding = 4; lastKnownFileType = sourcecode.c.objc; path = MAVAnnotation.m; sourceTree = "<group>"; };
		55B8AE461ADEDDEE00798260 /* MAVAuthor.h */ = {isa = PBXFileReference; fileEncoding = 4; lastKnownFileType = sourcecode.c.h; path = MAVAuthor.h; sourceTree = "<group>"; };
		55B8AE471ADEDDEE00798260 /* MAVAuthor.m */ = {isa = PBXFileReference; fileEncoding = 4; lastKnownFileType = sourcecode.c.objc; path = MAVAuthor.m; sourceTree = "<group>"; };
		55B8AE481ADEDDEE00798260 /* MAVBook.h */ = {isa = PBXFileReference; fileEncoding = 4; lastKnownFileType = sourcecode.c.h; path = MAVBook.h; sourceTree = "<group>"; };
		55B8AE491ADEDDEE00798260 /* MAVBook.m */ = {isa = PBXFileReference; fileEncoding = 4; lastKnownFileType = sourcecode.c.objc; path = MAVBook.m; sourceTree = "<group>"; };
		55B8AE4A1ADEDDEE00798260 /* MAVLocation.h */ = {isa = PBXFileReference; fileEncoding = 4; lastKnownFileType = sourcecode.c.h; path = MAVLocation.h; sourceTree = "<group>"; };
		55B8AE4B1ADEDDEE00798260 /* MAVLocation.m */ = {isa = PBXFileReference; fileEncoding = 4; lastKnownFileType = sourcecode.c.objc; path = MAVLocation.m; sourceTree = "<group>"; };
		55B8AE4C1ADEDDEE00798260 /* MAVPdf.h */ = {isa = PBXFileReference; fileEncoding = 4; lastKnownFileType = sourcecode.c.h; path = MAVPdf.h; sourceTree = "<group>"; };
		55B8AE4D1ADEDDEE00798260 /* MAVPdf.m */ = {isa = PBXFileReference; fileEncoding = 4; lastKnownFileType = sourcecode.c.objc; path = MAVPdf.m; sourceTree = "<group>"; };
		55B8AE501ADEDDEE00798260 /* MAVTag.h */ = {isa = PBXFileReference; fileEncoding = 4; lastKnownFileType = sourcecode.c.h; path = MAVTag.h; sourceTree = "<group>"; };
		55B8AE511ADEDDEE00798260 /* MAVTag.m */ = {isa = PBXFileReference; fileEncoding = 4; lastKnownFileType = sourcecode.c.objc; path = MAVTag.m; sourceTree = "<group>"; };
		55B8AE611ADEE61600798260 /* books_readable.json */ = {isa = PBXFileReference; fileEncoding = 4; lastKnownFileType = text.json; name = books_readable.json; path = "../../2.Recursos para proyectos/books_readable.json"; sourceTree = "<group>"; };
		55B8AE631ADEE71700798260 /* Settings.h */ = {isa = PBXFileReference; lastKnownFileType = sourcecode.c.h; path = Settings.h; sourceTree = "<group>"; };
		55B8AE681ADFCD1A00798260 /* AGTCoreDataTableViewController.h */ = {isa = PBXFileReference; fileEncoding = 4; lastKnownFileType = sourcecode.c.h; path = AGTCoreDataTableViewController.h; sourceTree = "<group>"; };
		55B8AE691ADFCD1A00798260 /* AGTCoreDataTableViewController.m */ = {isa = PBXFileReference; fileEncoding = 4; lastKnownFileType = sourcecode.c.objc; path = AGTCoreDataTableViewController.m; sourceTree = "<group>"; };
		55B8AE6B1ADFCE0500798260 /* MAVLibraryTableViewController.h */ = {isa = PBXFileReference; fileEncoding = 4; lastKnownFileType = sourcecode.c.h; path = MAVLibraryTableViewController.h; sourceTree = "<group>"; };
		55B8AE6C1ADFCE0500798260 /* MAVLibraryTableViewController.m */ = {isa = PBXFileReference; fileEncoding = 4; lastKnownFileType = sourcecode.c.objc; path = MAVLibraryTableViewController.m; sourceTree = "<group>"; };
		55B8AE6F1AE0259900798260 /* book_front.png */ = {isa = PBXFileReference; lastKnownFileType = image.png; path = book_front.png; sourceTree = "<group>"; };
		55B8AE721AE1105C00798260 /* UIViewController+Navigation.h */ = {isa = PBXFileReference; fileEncoding = 4; lastKnownFileType = sourcecode.c.h; path = "UIViewController+Navigation.h"; sourceTree = "<group>"; };
		55B8AE731AE1105C00798260 /* UIViewController+Navigation.m */ = {isa = PBXFileReference; fileEncoding = 4; lastKnownFileType = sourcecode.c.objc; path = "UIViewController+Navigation.m"; sourceTree = "<group>"; };
		55B8AE7C1AE115D000798260 /* MAVSimplePDFViewController.h */ = {isa = PBXFileReference; fileEncoding = 4; lastKnownFileType = sourcecode.c.h; path = MAVSimplePDFViewController.h; sourceTree = "<group>"; };
		55B8AE7D1AE115D000798260 /* MAVSimplePDFViewController.m */ = {isa = PBXFileReference; fileEncoding = 4; lastKnownFileType = sourcecode.c.objc; path = MAVSimplePDFViewController.m; sourceTree = "<group>"; };
		55B8AE7E1AE115D000798260 /* MAVSimplePDFViewController.xib */ = {isa = PBXFileReference; fileEncoding = 4; lastKnownFileType = file.xib; path = MAVSimplePDFViewController.xib; sourceTree = "<group>"; };
		55B8AE811AE1170000798260 /* MAVBookViewController.h */ = {isa = PBXFileReference; fileEncoding = 4; lastKnownFileType = sourcecode.c.h; path = MAVBookViewController.h; sourceTree = "<group>"; };
		55B8AE821AE1170000798260 /* MAVBookViewController.m */ = {isa = PBXFileReference; fileEncoding = 4; lastKnownFileType = sourcecode.c.objc; path = MAVBookViewController.m; sourceTree = "<group>"; };
		55B8AE831AE1170000798260 /* MAVBookViewController.xib */ = {isa = PBXFileReference; fileEncoding = 4; lastKnownFileType = file.xib; path = MAVBookViewController.xib; sourceTree = "<group>"; };
		55B8AE841AE1170000798260 /* MAVBookViewControlleriPhone.xib */ = {isa = PBXFileReference; fileEncoding = 4; lastKnownFileType = file.xib; path = MAVBookViewControlleriPhone.xib; sourceTree = "<group>"; };
		55F467741AE5556500B98B77 /* MAVAnnotationsViewController.h */ = {isa = PBXFileReference; fileEncoding = 4; lastKnownFileType = sourcecode.c.h; path = MAVAnnotationsViewController.h; sourceTree = "<group>"; };
		55F467751AE5556500B98B77 /* MAVAnnotationsViewController.m */ = {isa = PBXFileReference; fileEncoding = 4; lastKnownFileType = sourcecode.c.objc; path = MAVAnnotationsViewController.m; sourceTree = "<group>"; };
		55F467771AE55DCF00B98B77 /* MAVAnnotationViewController.h */ = {isa = PBXFileReference; fileEncoding = 4; lastKnownFileType = sourcecode.c.h; path = MAVAnnotationViewController.h; sourceTree = "<group>"; };
		55F467781AE55DCF00B98B77 /* MAVAnnotationViewController.m */ = {isa = PBXFileReference; fileEncoding = 4; lastKnownFileType = sourcecode.c.objc; path = MAVAnnotationViewController.m; sourceTree = "<group>"; };
		55F467791AE55DCF00B98B77 /* MAVAnnotationViewController.xib */ = {isa = PBXFileReference; fileEncoding = 4; lastKnownFileType = file.xib; path = MAVAnnotationViewController.xib; sourceTree = "<group>"; };
		55F4677C1AE5625C00B98B77 /* placemark.png */ = {isa = PBXFileReference; lastKnownFileType = image.png; path = placemark.png; sourceTree = "<group>"; };
		55F4677E1AE562CC00B98B77 /* location-alt-512.png */ = {isa = PBXFileReference; lastKnownFileType = image.png; path = "location-alt-512.png"; sourceTree = "<group>"; };
/* End PBXFileReference section */

/* Begin PBXFrameworksBuildPhase section */
		55B8AE091ADE6A8900798260 /* Frameworks */ = {
			isa = PBXFrameworksBuildPhase;
			buildActionMask = 2147483647;
			files = (
			);
			runOnlyForDeploymentPostprocessing = 0;
		};
		55B8AE1C1ADE6A8900798260 /* Frameworks */ = {
			isa = PBXFrameworksBuildPhase;
			buildActionMask = 2147483647;
			files = (
			);
			runOnlyForDeploymentPostprocessing = 0;
		};
/* End PBXFrameworksBuildPhase section */

/* Begin PBXGroup section */
		55B8AE031ADE6A8900798260 = {
			isa = PBXGroup;
			children = (
				55B8AE6E1AE0258F00798260 /* Resources */,
				55B8AE0E1ADE6A8900798260 /* HackerBooks2 */,
				55B8AE221ADE6A8900798260 /* HackerBooks2Tests */,
				55B8AE0D1ADE6A8900798260 /* Products */,
			);
			sourceTree = "<group>";
		};
		55B8AE0D1ADE6A8900798260 /* Products */ = {
			isa = PBXGroup;
			children = (
				55B8AE0C1ADE6A8900798260 /* HackerBooks2.app */,
				55B8AE1F1ADE6A8900798260 /* HackerBooks2Tests.xctest */,
			);
			name = Products;
			sourceTree = "<group>";
		};
		55B8AE0E1ADE6A8900798260 /* HackerBooks2 */ = {
			isa = PBXGroup;
			children = (
				55B8AE711AE1103E00798260 /* Categories */,
				55B8AE671ADFCCF700798260 /* Controllers */,
				55B8AE321ADEC23E00798260 /* Models */,
				55B8AE131ADE6A8900798260 /* AppDelegate.h */,
				55B8AE141ADE6A8900798260 /* AppDelegate.m */,
				55B8AE161ADE6A8900798260 /* Images.xcassets */,
				55B8AE181ADE6A8900798260 /* LaunchScreen.xib */,
				55B8AE631ADEE71700798260 /* Settings.h */,
				55B8AE0F1ADE6A8900798260 /* Supporting Files */,
			);
			path = HackerBooks2;
			sourceTree = "<group>";
		};
		55B8AE0F1ADE6A8900798260 /* Supporting Files */ = {
			isa = PBXGroup;
			children = (
				55B8AE101ADE6A8900798260 /* Info.plist */,
				55B8AE111ADE6A8900798260 /* main.m */,
			);
			name = "Supporting Files";
			sourceTree = "<group>";
		};
		55B8AE221ADE6A8900798260 /* HackerBooks2Tests */ = {
			isa = PBXGroup;
			children = (
				55B8AE251ADE6A8900798260 /* HackerBooks2Tests.m */,
				55B8AE231ADE6A8900798260 /* Supporting Files */,
			);
			path = HackerBooks2Tests;
			sourceTree = "<group>";
		};
		55B8AE231ADE6A8900798260 /* Supporting Files */ = {
			isa = PBXGroup;
			children = (
				55B8AE241ADE6A8900798260 /* Info.plist */,
			);
			name = "Supporting Files";
			sourceTree = "<group>";
		};
		55B8AE321ADEC23E00798260 /* Models */ = {
			isa = PBXGroup;
			children = (
				55B8A4301B793104007478E2 /* MAVBaseManagedObject.h */,
				55B8A4311B793104007478E2 /* MAVBaseManagedObject.m */,
				55B8AE601ADEDDF900798260 /* Machine */,
				55B8AE441ADEDDEE00798260 /* MAVAnnotation.h */,
				55B8AE451ADEDDEE00798260 /* MAVAnnotation.m */,
				55B8AE461ADEDDEE00798260 /* MAVAuthor.h */,
				55B8AE471ADEDDEE00798260 /* MAVAuthor.m */,
				55B8AE481ADEDDEE00798260 /* MAVBook.h */,
				55B8AE491ADEDDEE00798260 /* MAVBook.m */,
				55B8AE4A1ADEDDEE00798260 /* MAVLocation.h */,
				55B8AE4B1ADEDDEE00798260 /* MAVLocation.m */,
				55B8AE4C1ADEDDEE00798260 /* MAVPdf.h */,
				55B8AE4D1ADEDDEE00798260 /* MAVPdf.m */,
				55B8A42A1B7926F5007478E2 /* MAVAnnotationPhoto.h */,
				55B8A42B1B7926F5007478E2 /* MAVAnnotationPhoto.m */,
				55B8A42C1B7926F5007478E2 /* MAVBookCoverPhoto.h */,
				55B8A42D1B7926F5007478E2 /* MAVBookCoverPhoto.m */,
				55B8A4381B7A7624007478E2 /* MAVBookTag.h */,
				55B8A4391B7A7624007478E2 /* MAVBookTag.m */,
				55B8AE501ADEDDEE00798260 /* MAVTag.h */,
				55B8AE511ADEDDEE00798260 /* MAVTag.m */,
				55B8AE331ADED6A700798260 /* AGTCoreDataStack.h */,
				55B8AE341ADED6A700798260 /* AGTCoreDataStack.m */,
				55B8AE2F1ADEC23700798260 /* Model.xcdatamodeld */,
			);
			name = Models;
			sourceTree = "<group>";
		};
		55B8AE601ADEDDF900798260 /* Machine */ = {
			isa = PBXGroup;
			children = (
				55B8A4361B7A7624007478E2 /* _MAVBookTag.h */,
				55B8A4371B7A7624007478E2 /* _MAVBookTag.m */,
				55B8AE361ADEDDEE00798260 /* _MAVAnnotation.h */,
				55B8AE371ADEDDEE00798260 /* _MAVAnnotation.m */,
				55B8AE381ADEDDEE00798260 /* _MAVAuthor.h */,
				55B8AE391ADEDDEE00798260 /* _MAVAuthor.m */,
				55B8AE3A1ADEDDEE00798260 /* _MAVBook.h */,
				55B8AE3B1ADEDDEE00798260 /* _MAVBook.m */,
				55B8AE3C1ADEDDEE00798260 /* _MAVLocation.h */,
				55B8AE3D1ADEDDEE00798260 /* _MAVLocation.m */,
				55B8AE3E1ADEDDEE00798260 /* _MAVPdf.h */,
				55B8AE3F1ADEDDEE00798260 /* _MAVPdf.m */,
				55B8A4241B7926DD007478E2 /* _MAVAnnotationPhoto.h */,
				55B8A4251B7926DD007478E2 /* _MAVAnnotationPhoto.m */,
				55B8A4261B7926DD007478E2 /* _MAVBookCoverPhoto.h */,
				55B8A4271B7926DD007478E2 /* _MAVBookCoverPhoto.m */,
				55B8AE421ADEDDEE00798260 /* _MAVTag.h */,
				55B8AE431ADEDDEE00798260 /* _MAVTag.m */,
			);
			name = Machine;
			sourceTree = "<group>";
		};
		55B8AE671ADFCCF700798260 /* Controllers */ = {
			isa = PBXGroup;
			children = (
				55B8AE681ADFCD1A00798260 /* AGTCoreDataTableViewController.h */,
				55B8AE691ADFCD1A00798260 /* AGTCoreDataTableViewController.m */,
				55B8AE6B1ADFCE0500798260 /* MAVLibraryTableViewController.h */,
				55B8AE6C1ADFCE0500798260 /* MAVLibraryTableViewController.m */,
				55B8AE811AE1170000798260 /* MAVBookViewController.h */,
				55B8AE821AE1170000798260 /* MAVBookViewController.m */,
				55B8AE831AE1170000798260 /* MAVBookViewController.xib */,
				55B8AE841AE1170000798260 /* MAVBookViewControlleriPhone.xib */,
				55B8AE7C1AE115D000798260 /* MAVSimplePDFViewController.h */,
				55B8AE7D1AE115D000798260 /* MAVSimplePDFViewController.m */,
				55B8AE7E1AE115D000798260 /* MAVSimplePDFViewController.xib */,
				55F467741AE5556500B98B77 /* MAVAnnotationsViewController.h */,
				55F467751AE5556500B98B77 /* MAVAnnotationsViewController.m */,
				55F467771AE55DCF00B98B77 /* MAVAnnotationViewController.h */,
				55F467781AE55DCF00B98B77 /* MAVAnnotationViewController.m */,
				55F467791AE55DCF00B98B77 /* MAVAnnotationViewController.xib */,
				552F92531AE6A4B600A99ABD /* MAVPhotoViewController.h */,
				552F92541AE6A4B600A99ABD /* MAVPhotoViewController.m */,
				552F92551AE6A4B600A99ABD /* MAVPhotoViewController.xib */,
			);
			name = Controllers;
			sourceTree = "<group>";
		};
		55B8AE6E1AE0258F00798260 /* Resources */ = {
			isa = PBXGroup;
			children = (
				55F4677E1AE562CC00B98B77 /* location-alt-512.png */,
				55B8AE611ADEE61600798260 /* books_readable.json */,
				55F4677C1AE5625C00B98B77 /* placemark.png */,
				55B8AE6F1AE0259900798260 /* book_front.png */,
			);
			name = Resources;
			sourceTree = "<group>";
		};
		55B8AE711AE1103E00798260 /* Categories */ = {
			isa = PBXGroup;
			children = (
				55B8AE721AE1105C00798260 /* UIViewController+Navigation.h */,
				55B8AE731AE1105C00798260 /* UIViewController+Navigation.m */,
				55B8A4331B7A6527007478E2 /* NSString+TokenizeCategory.h */,
				55B8A4341B7A6527007478E2 /* NSString+TokenizeCategory.m */,
			);
			name = Categories;
			path = ..;
			sourceTree = "<group>";
		};
/* End PBXGroup section */

/* Begin PBXNativeTarget section */
		55B8AE0B1ADE6A8900798260 /* HackerBooks2 */ = {
			isa = PBXNativeTarget;
			buildConfigurationList = 55B8AE291ADE6A8900798260 /* Build configuration list for PBXNativeTarget "HackerBooks2" */;
			buildPhases = (
				55B8AE081ADE6A8900798260 /* Sources */,
				55B8AE091ADE6A8900798260 /* Frameworks */,
				55B8AE0A1ADE6A8900798260 /* Resources */,
			);
			buildRules = (
			);
			dependencies = (
			);
			name = HackerBooks2;
			productName = HackerBooks2;
			productReference = 55B8AE0C1ADE6A8900798260 /* HackerBooks2.app */;
			productType = "com.apple.product-type.application";
		};
		55B8AE1E1ADE6A8900798260 /* HackerBooks2Tests */ = {
			isa = PBXNativeTarget;
			buildConfigurationList = 55B8AE2C1ADE6A8900798260 /* Build configuration list for PBXNativeTarget "HackerBooks2Tests" */;
			buildPhases = (
				55B8AE1B1ADE6A8900798260 /* Sources */,
				55B8AE1C1ADE6A8900798260 /* Frameworks */,
				55B8AE1D1ADE6A8900798260 /* Resources */,
			);
			buildRules = (
			);
			dependencies = (
				55B8AE211ADE6A8900798260 /* PBXTargetDependency */,
			);
			name = HackerBooks2Tests;
			productName = HackerBooks2Tests;
			productReference = 55B8AE1F1ADE6A8900798260 /* HackerBooks2Tests.xctest */;
			productType = "com.apple.product-type.bundle.unit-test";
		};
/* End PBXNativeTarget section */

/* Begin PBXProject section */
		55B8AE041ADE6A8900798260 /* Project object */ = {
			isa = PBXProject;
			attributes = {
				LastUpgradeCheck = 0630;
				ORGANIZATIONNAME = "Miguel Ángel Vélez Serrano";
				TargetAttributes = {
					55B8AE0B1ADE6A8900798260 = {
						CreatedOnToolsVersion = 6.3;
					};
					55B8AE1E1ADE6A8900798260 = {
						CreatedOnToolsVersion = 6.3;
						TestTargetID = 55B8AE0B1ADE6A8900798260;
					};
				};
			};
			buildConfigurationList = 55B8AE071ADE6A8900798260 /* Build configuration list for PBXProject "HackerBooks2" */;
			compatibilityVersion = "Xcode 3.2";
			developmentRegion = English;
			hasScannedForEncodings = 0;
			knownRegions = (
				en,
				Base,
			);
			mainGroup = 55B8AE031ADE6A8900798260;
			productRefGroup = 55B8AE0D1ADE6A8900798260 /* Products */;
			projectDirPath = "";
			projectRoot = "";
			targets = (
				55B8AE0B1ADE6A8900798260 /* HackerBooks2 */,
				55B8AE1E1ADE6A8900798260 /* HackerBooks2Tests */,
			);
		};
/* End PBXProject section */

/* Begin PBXResourcesBuildPhase section */
		55B8AE0A1ADE6A8900798260 /* Resources */ = {
			isa = PBXResourcesBuildPhase;
			buildActionMask = 2147483647;
			files = (
				55B8AE701AE0259900798260 /* book_front.png in Resources */,
				55F4677D1AE5625C00B98B77 /* placemark.png in Resources */,
				55B8AE801AE115D000798260 /* MAVSimplePDFViewController.xib in Resources */,
				55F4677F1AE562CC00B98B77 /* location-alt-512.png in Resources */,
				55B8AE861AE1170000798260 /* MAVBookViewController.xib in Resources */,
				55B8AE1A1ADE6A8900798260 /* LaunchScreen.xib in Resources */,
				55B8AE871AE1170000798260 /* MAVBookViewControlleriPhone.xib in Resources */,
				55B8AE171ADE6A8900798260 /* Images.xcassets in Resources */,
				552F92571AE6A4B600A99ABD /* MAVPhotoViewController.xib in Resources */,
				55F4677B1AE55DCF00B98B77 /* MAVAnnotationViewController.xib in Resources */,
				55B8AE621ADEE61600798260 /* books_readable.json in Resources */,
			);
			runOnlyForDeploymentPostprocessing = 0;
		};
		55B8AE1D1ADE6A8900798260 /* Resources */ = {
			isa = PBXResourcesBuildPhase;
			buildActionMask = 2147483647;
			files = (
			);
			runOnlyForDeploymentPostprocessing = 0;
		};
/* End PBXResourcesBuildPhase section */

/* Begin PBXSourcesBuildPhase section */
		55B8AE081ADE6A8900798260 /* Sources */ = {
			isa = PBXSourcesBuildPhase;
			buildActionMask = 2147483647;
			files = (
				55B8AE541ADEDDEE00798260 /* _MAVBook.m in Sources */,
				55B8AE6D1ADFCE0500798260 /* MAVLibraryTableViewController.m in Sources */,
				55B8A4291B7926DD007478E2 /* _MAVBookCoverPhoto.m in Sources */,
				55F467761AE5556500B98B77 /* MAVAnnotationsViewController.m in Sources */,
				55B8AE5D1ADEDDEE00798260 /* MAVPdf.m in Sources */,
				55B8AE591ADEDDEE00798260 /* MAVAnnotation.m in Sources */,
				55B8AE851AE1170000798260 /* MAVBookViewController.m in Sources */,
				55B8AE151ADE6A8900798260 /* AppDelegate.m in Sources */,
				55B8A42F1B7926F5007478E2 /* MAVBookCoverPhoto.m in Sources */,
				55B8AE581ADEDDEE00798260 /* _MAVTag.m in Sources */,
				55B8AE521ADEDDEE00798260 /* _MAVAnnotation.m in Sources */,
				55B8A43A1B7A7624007478E2 /* _MAVBookTag.m in Sources */,
				55B8A4321B793104007478E2 /* MAVBaseManagedObject.m in Sources */,
				55B8AE121ADE6A8900798260 /* main.m in Sources */,
				55B8AE561ADEDDEE00798260 /* _MAVPdf.m in Sources */,
				55B8AE5C1ADEDDEE00798260 /* MAVLocation.m in Sources */,
				55B8A4281B7926DD007478E2 /* _MAVAnnotationPhoto.m in Sources */,
				55B8AE5B1ADEDDEE00798260 /* MAVBook.m in Sources */,
				55B8A43B1B7A7624007478E2 /* MAVBookTag.m in Sources */,
				55B8AE7F1AE115D000798260 /* MAVSimplePDFViewController.m in Sources */,
				55B8A4351B7A6527007478E2 /* NSString+TokenizeCategory.m in Sources */,
				55B8AE5F1ADEDDEE00798260 /* MAVTag.m in Sources */,
				552F92561AE6A4B600A99ABD /* MAVPhotoViewController.m in Sources */,
				55B8AE6A1ADFCD1A00798260 /* AGTCoreDataTableViewController.m in Sources */,
				55B8AE5A1ADEDDEE00798260 /* MAVAuthor.m in Sources */,
				55F4677A1AE55DCF00B98B77 /* MAVAnnotationViewController.m in Sources */,
				55B8AE531ADEDDEE00798260 /* _MAVAuthor.m in Sources */,
				55B8AE551ADEDDEE00798260 /* _MAVLocation.m in Sources */,
				55B8A42E1B7926F5007478E2 /* MAVAnnotationPhoto.m in Sources */,
				55B8AE741AE1105C00798260 /* UIViewController+Navigation.m in Sources */,
				55B8AE351ADED6A700798260 /* AGTCoreDataStack.m in Sources */,
				55B8AE311ADEC23700798260 /* Model.xcdatamodeld in Sources */,
			);
			runOnlyForDeploymentPostprocessing = 0;
		};
		55B8AE1B1ADE6A8900798260 /* Sources */ = {
			isa = PBXSourcesBuildPhase;
			buildActionMask = 2147483647;
			files = (
				55B8AE261ADE6A8900798260 /* HackerBooks2Tests.m in Sources */,
			);
			runOnlyForDeploymentPostprocessing = 0;
		};
/* End PBXSourcesBuildPhase section */

/* Begin PBXTargetDependency section */
		55B8AE211ADE6A8900798260 /* PBXTargetDependency */ = {
			isa = PBXTargetDependency;
			target = 55B8AE0B1ADE6A8900798260 /* HackerBooks2 */;
			targetProxy = 55B8AE201ADE6A8900798260 /* PBXContainerItemProxy */;
		};
/* End PBXTargetDependency section */

/* Begin PBXVariantGroup section */
		55B8AE181ADE6A8900798260 /* LaunchScreen.xib */ = {
			isa = PBXVariantGroup;
			children = (
				55B8AE191ADE6A8900798260 /* Base */,
			);
			name = LaunchScreen.xib;
			sourceTree = "<group>";
		};
/* End PBXVariantGroup section */

/* Begin XCBuildConfiguration section */
		55B8AE271ADE6A8900798260 /* Debug */ = {
			isa = XCBuildConfiguration;
			buildSettings = {
				ALWAYS_SEARCH_USER_PATHS = NO;
				CLANG_CXX_LANGUAGE_STANDARD = "gnu++0x";
				CLANG_CXX_LIBRARY = "libc++";
				CLANG_ENABLE_MODULES = YES;
				CLANG_ENABLE_OBJC_ARC = YES;
				CLANG_WARN_BOOL_CONVERSION = YES;
				CLANG_WARN_CONSTANT_CONVERSION = YES;
				CLANG_WARN_DIRECT_OBJC_ISA_USAGE = YES_ERROR;
				CLANG_WARN_EMPTY_BODY = YES;
				CLANG_WARN_ENUM_CONVERSION = YES;
				CLANG_WARN_INT_CONVERSION = YES;
				CLANG_WARN_OBJC_ROOT_CLASS = YES_ERROR;
				CLANG_WARN_UNREACHABLE_CODE = YES;
				CLANG_WARN__DUPLICATE_METHOD_MATCH = YES;
				"CODE_SIGN_IDENTITY[sdk=iphoneos*]" = "iPhone Developer";
				COPY_PHASE_STRIP = NO;
				DEBUG_INFORMATION_FORMAT = "dwarf-with-dsym";
				ENABLE_STRICT_OBJC_MSGSEND = YES;
				GCC_C_LANGUAGE_STANDARD = gnu99;
				GCC_DYNAMIC_NO_PIC = NO;
				GCC_NO_COMMON_BLOCKS = YES;
				GCC_OPTIMIZATION_LEVEL = 0;
				GCC_PREPROCESSOR_DEFINITIONS = (
					"DEBUG=1",
					"$(inherited)",
				);
				GCC_SYMBOLS_PRIVATE_EXTERN = NO;
				GCC_WARN_64_TO_32_BIT_CONVERSION = YES;
				GCC_WARN_ABOUT_RETURN_TYPE = YES_ERROR;
				GCC_WARN_UNDECLARED_SELECTOR = YES;
				GCC_WARN_UNINITIALIZED_AUTOS = YES_AGGRESSIVE;
				GCC_WARN_UNUSED_FUNCTION = YES;
				GCC_WARN_UNUSED_VARIABLE = YES;
				IPHONEOS_DEPLOYMENT_TARGET = 8.3;
				MTL_ENABLE_DEBUG_INFO = YES;
				ONLY_ACTIVE_ARCH = YES;
				SDKROOT = iphoneos;
				TARGETED_DEVICE_FAMILY = "1,2";
			};
			name = Debug;
		};
		55B8AE281ADE6A8900798260 /* Release */ = {
			isa = XCBuildConfiguration;
			buildSettings = {
				ALWAYS_SEARCH_USER_PATHS = NO;
				CLANG_CXX_LANGUAGE_STANDARD = "gnu++0x";
				CLANG_CXX_LIBRARY = "libc++";
				CLANG_ENABLE_MODULES = YES;
				CLANG_ENABLE_OBJC_ARC = YES;
				CLANG_WARN_BOOL_CONVERSION = YES;
				CLANG_WARN_CONSTANT_CONVERSION = YES;
				CLANG_WARN_DIRECT_OBJC_ISA_USAGE = YES_ERROR;
				CLANG_WARN_EMPTY_BODY = YES;
				CLANG_WARN_ENUM_CONVERSION = YES;
				CLANG_WARN_INT_CONVERSION = YES;
				CLANG_WARN_OBJC_ROOT_CLASS = YES_ERROR;
				CLANG_WARN_UNREACHABLE_CODE = YES;
				CLANG_WARN__DUPLICATE_METHOD_MATCH = YES;
				"CODE_SIGN_IDENTITY[sdk=iphoneos*]" = "iPhone Developer";
				COPY_PHASE_STRIP = NO;
				DEBUG_INFORMATION_FORMAT = "dwarf-with-dsym";
				ENABLE_NS_ASSERTIONS = NO;
				ENABLE_STRICT_OBJC_MSGSEND = YES;
				GCC_C_LANGUAGE_STANDARD = gnu99;
				GCC_NO_COMMON_BLOCKS = YES;
				GCC_WARN_64_TO_32_BIT_CONVERSION = YES;
				GCC_WARN_ABOUT_RETURN_TYPE = YES_ERROR;
				GCC_WARN_UNDECLARED_SELECTOR = YES;
				GCC_WARN_UNINITIALIZED_AUTOS = YES_AGGRESSIVE;
				GCC_WARN_UNUSED_FUNCTION = YES;
				GCC_WARN_UNUSED_VARIABLE = YES;
				IPHONEOS_DEPLOYMENT_TARGET = 8.3;
				MTL_ENABLE_DEBUG_INFO = NO;
				SDKROOT = iphoneos;
				TARGETED_DEVICE_FAMILY = "1,2";
				VALIDATE_PRODUCT = YES;
			};
			name = Release;
		};
		55B8AE2A1ADE6A8900798260 /* Debug */ = {
			isa = XCBuildConfiguration;
			buildSettings = {
				ASSETCATALOG_COMPILER_APPICON_NAME = AppIcon;
				INFOPLIST_FILE = HackerBooks2/Info.plist;
				LD_RUNPATH_SEARCH_PATHS = "$(inherited) @executable_path/Frameworks";
				PRODUCT_NAME = "$(TARGET_NAME)";
			};
			name = Debug;
		};
		55B8AE2B1ADE6A8900798260 /* Release */ = {
			isa = XCBuildConfiguration;
			buildSettings = {
				ASSETCATALOG_COMPILER_APPICON_NAME = AppIcon;
				INFOPLIST_FILE = HackerBooks2/Info.plist;
				LD_RUNPATH_SEARCH_PATHS = "$(inherited) @executable_path/Frameworks";
				PRODUCT_NAME = "$(TARGET_NAME)";
			};
			name = Release;
		};
		55B8AE2D1ADE6A8900798260 /* Debug */ = {
			isa = XCBuildConfiguration;
			buildSettings = {
				BUNDLE_LOADER = "$(TEST_HOST)";
				FRAMEWORK_SEARCH_PATHS = (
					"$(SDKROOT)/Developer/Library/Frameworks",
					"$(inherited)",
				);
				GCC_PREPROCESSOR_DEFINITIONS = (
					"DEBUG=1",
					"$(inherited)",
				);
				INFOPLIST_FILE = HackerBooks2Tests/Info.plist;
				LD_RUNPATH_SEARCH_PATHS = "$(inherited) @executable_path/Frameworks @loader_path/Frameworks";
				PRODUCT_NAME = "$(TARGET_NAME)";
				TEST_HOST = "$(BUILT_PRODUCTS_DIR)/HackerBooks2.app/HackerBooks2";
			};
			name = Debug;
		};
		55B8AE2E1ADE6A8900798260 /* Release */ = {
			isa = XCBuildConfiguration;
			buildSettings = {
				BUNDLE_LOADER = "$(TEST_HOST)";
				FRAMEWORK_SEARCH_PATHS = (
					"$(SDKROOT)/Developer/Library/Frameworks",
					"$(inherited)",
				);
				INFOPLIST_FILE = HackerBooks2Tests/Info.plist;
				LD_RUNPATH_SEARCH_PATHS = "$(inherited) @executable_path/Frameworks @loader_path/Frameworks";
				PRODUCT_NAME = "$(TARGET_NAME)";
				TEST_HOST = "$(BUILT_PRODUCTS_DIR)/HackerBooks2.app/HackerBooks2";
			};
			name = Release;
		};
/* End XCBuildConfiguration section */

/* Begin XCConfigurationList section */
		55B8AE071ADE6A8900798260 /* Build configuration list for PBXProject "HackerBooks2" */ = {
			isa = XCConfigurationList;
			buildConfigurations = (
				55B8AE271ADE6A8900798260 /* Debug */,
				55B8AE281ADE6A8900798260 /* Release */,
			);
			defaultConfigurationIsVisible = 0;
			defaultConfigurationName = Release;
		};
		55B8AE291ADE6A8900798260 /* Build configuration list for PBXNativeTarget "HackerBooks2" */ = {
			isa = XCConfigurationList;
			buildConfigurations = (
				55B8AE2A1ADE6A8900798260 /* Debug */,
				55B8AE2B1ADE6A8900798260 /* Release */,
			);
			defaultConfigurationIsVisible = 0;
			defaultConfigurationName = Release;
		};
		55B8AE2C1ADE6A8900798260 /* Build configuration list for PBXNativeTarget "HackerBooks2Tests" */ = {
			isa = XCConfigurationList;
			buildConfigurations = (
				55B8AE2D1ADE6A8900798260 /* Debug */,
				55B8AE2E1ADE6A8900798260 /* Release */,
			);
			defaultConfigurationIsVisible = 0;
			defaultConfigurationName = Release;
		};
/* End XCConfigurationList section */

/* Begin XCVersionGroup section */
		55B8AE2F1ADEC23700798260 /* Model.xcdatamodeld */ = {
			isa = XCVersionGroup;
			children = (
				55B8AE301ADEC23700798260 /* Model.xcdatamodel */,
			);
			currentVersion = 55B8AE301ADEC23700798260 /* Model.xcdatamodel */;
			path = Model.xcdatamodeld;
			sourceTree = "<group>";
			versionGroupType = wrapper.xcdatamodel;
		};
/* End XCVersionGroup section */
	};
	rootObject = 55B8AE041ADE6A8900798260 /* Project object */;
}
